{
    "version": 3,
    "terraform_version": "0.11.5",
    "serial": 2,
    "lineage": "ad8d5572-ae17-ceb5-63ad-2409529ff240",
    "modules": [
        {
            "path": [
                "root"
            ],
            "outputs": {
                "IP Address": {
                    "sensitive": false,
                    "type": "string",
                    "value": "172.17.0.2"
                },
                "container_name": {
                    "sensitive": false,
                    "type": "string",
                    "value": "dev_blog"
                }
            },
            "resources": {},
            "depends_on": []
        },
        {
            "path": [
                "root",
                "container"
            ],
            "outputs": {
                "container_name": {
                    "sensitive": false,
                    "type": "string",
                    "value": "dev_blog"
                },
                "ip": {
                    "sensitive": false,
                    "type": "string",
                    "value": "172.17.0.2"
                }
            },
            "resources": {
                "docker_container.container_id": {
                    "type": "docker_container",
                    "depends_on": [],
                    "primary": {
                        "id": "8663124ddd14e919c2df633533542cc31ddd5516eaa14e9e4b3dd0c3152d93ec",
                        "attributes": {
                            "attach": "false",
                            "bridge": "",
                            "gateway": "172.17.0.1",
                            "id": "8663124ddd14e919c2df633533542cc31ddd5516eaa14e9e4b3dd0c3152d93ec",
                            "image": "sha256:0fe5de4cdbf0bc038d6fe442bc25926e4da1e86d5a7f1d583dcd6a3ab0e65d78",
                            "ip_address": "172.17.0.2",
                            "ip_prefix_length": "16",
                            "log_driver": "json-file",
                            "logs": "false",
                            "must_run": "true",
                            "name": "dev_blog",
                            "network_data.#": "1",
                            "network_data.0.gateway": "172.17.0.1",
                            "network_data.0.ip_address": "172.17.0.2",
                            "network_data.0.ip_prefix_length": "16",
                            "network_data.0.network_name": "bridge",
                            "ports.#": "1",
                            "ports.0.external": "8080",
                            "ports.0.internal": "2368",
                            "ports.0.ip": "0.0.0.0",
                            "ports.0.protocol": "tcp",
                            "restart": "no",
                            "rm": "false",
                            "start": "true"
                        },
                        "meta": {
                            "schema_version": "1"
                        },
                        "tainted": false
                    },
                    "deposed": [],
                    "provider": "provider.docker"
                }
            },
            "depends_on": []
        },
        {
            "path": [
                "root",
                "image"
            ],
            "outputs": {
                "image_out": {
                    "sensitive": false,
                    "type": "string",
                    "value": "sha256:0fe5de4cdbf0bc038d6fe442bc25926e4da1e86d5a7f1d583dcd6a3ab0e65d78"
                }
            },
            "resources": {
                "docker_image.image_id": {
                    "type": "docker_image",
                    "depends_on": [],
                    "primary": {
                        "id": "sha256:0fe5de4cdbf0bc038d6fe442bc25926e4da1e86d5a7f1d583dcd6a3ab0e65d78ghost:latest",
                        "attributes": {
                            "id": "sha256:0fe5de4cdbf0bc038d6fe442bc25926e4da1e86d5a7f1d583dcd6a3ab0e65d78ghost:latest",
                            "latest": "sha256:0fe5de4cdbf0bc038d6fe442bc25926e4da1e86d5a7f1d583dcd6a3ab0e65d78",
                            "name": "ghost:latest"
                        },
                        "meta": {},
                        "tainted": false
                    },
                    "deposed": [],
                    "provider": "provider.docker"
                }
            },
            "depends_on": []
        }
    ]
}
