{
    "version": 3,
    "terraform_version": "0.11.5",
    "serial": 4,
    "lineage": "b7cbd88e-7587-f8e4-9153-d826b1fd6865",
    "modules": [
        {
            "path": [
                "root"
            ],
            "outputs": {
                "IP Address": {
                    "sensitive": false,
                    "type": "string",
                    "value": "172.17.0.3"
                },
                "container_name": {
                    "sensitive": false,
                    "type": "string",
                    "value": "prod_blog"
                }
            },
            "resources": {},
            "depends_on": []
        },
        {
            "path": [
                "root",
                "container"
            ],
            "outputs": {
                "container_name": {
                    "sensitive": false,
                    "type": "string",
                    "value": "prod_blog"
                },
                "ip": {
                    "sensitive": false,
                    "type": "string",
                    "value": "172.17.0.3"
                }
            },
            "resources": {
                "docker_container.container_id": {
                    "type": "docker_container",
                    "depends_on": [],
                    "primary": {
                        "id": "983d6c51c12d5d04c2896ea71184e6791d0d994805708a6ab9c50ad861383842",
                        "attributes": {
                            "attach": "false",
                            "bridge": "",
                            "gateway": "172.17.0.1",
                            "id": "983d6c51c12d5d04c2896ea71184e6791d0d994805708a6ab9c50ad861383842",
                            "image": "sha256:bf66b4ecb6d63d474deac801f678cd9a44f9720971a6064beada3bd842593065",
                            "ip_address": "172.17.0.3",
                            "ip_prefix_length": "16",
                            "log_driver": "json-file",
                            "logs": "false",
                            "must_run": "true",
                            "name": "prod_blog",
                            "network_data.#": "1",
                            "network_data.0.gateway": "172.17.0.1",
                            "network_data.0.ip_address": "172.17.0.3",
                            "network_data.0.ip_prefix_length": "16",
                            "network_data.0.network_name": "bridge",
                            "ports.#": "1",
                            "ports.0.external": "80",
                            "ports.0.internal": "2368",
                            "ports.0.ip": "0.0.0.0",
                            "ports.0.protocol": "tcp",
                            "restart": "no",
                            "rm": "false",
                            "start": "true"
                        },
                        "meta": {
                            "schema_version": "1"
                        },
                        "tainted": false
                    },
                    "deposed": [],
                    "provider": "provider.docker"
                }
            },
            "depends_on": []
        },
        {
            "path": [
                "root",
                "image"
            ],
            "outputs": {
                "image_out": {
                    "sensitive": false,
                    "type": "string",
                    "value": "sha256:bf66b4ecb6d63d474deac801f678cd9a44f9720971a6064beada3bd842593065"
                }
            },
            "resources": {
                "docker_image.image_id": {
                    "type": "docker_image",
                    "depends_on": [],
                    "primary": {
                        "id": "sha256:bf66b4ecb6d63d474deac801f678cd9a44f9720971a6064beada3bd842593065ghost:alpine",
                        "attributes": {
                            "id": "sha256:bf66b4ecb6d63d474deac801f678cd9a44f9720971a6064beada3bd842593065ghost:alpine",
                            "latest": "sha256:bf66b4ecb6d63d474deac801f678cd9a44f9720971a6064beada3bd842593065",
                            "name": "ghost:alpine"
                        },
                        "meta": {},
                        "tainted": false
                    },
                    "deposed": [],
                    "provider": "provider.docker"
                }
            },
            "depends_on": []
        }
    ]
}
